
Microsoft Visual Studio Solution File, Format Version 12.00
# Visual Studio Version 16
VisualStudioVersion = 16.0.31025.194
MinimumVisualStudioVersion = 10.0.40219.1
Project("{FAE04EC0-301F-11D3-BF4B-00C04F79EFBC}") = "WinFormsApp1", "WinFormsApp1\WinFormsApp1.csproj", "{AE340583-61C8-49BD-B11F-3F08F4483CCD}"
EndProject
Global
	GlobalSection(SolutionConfigurationPlatforms) = preSolution
		Debug|Any CPU = Debug|Any CPU
		Release|Any CPU = Release|Any CPU
	EndGlobalSection
	GlobalSection(ProjectConfigurationPlatforms) = postSolution
		{AE340583-61C8-49BD-B11F-3F08F4483CCD}.Debug|Any CPU.ActiveCfg = Debug|Any CPU
		{AE340583-61C8-49BD-B11F-3F08F4483CCD}.Debug|Any CPU.Build.0 = Debug|Any CPU
		{AE340583-61C8-49BD-B11F-3F08F4483CCD}.Release|Any CPU.ActiveCfg = Release|Any CPU
		{AE340583-61C8-49BD-B11F-3F08F4483CCD}.Release|Any CPU.Build.0 = Release|Any CPU
	EndGlobalSection
	GlobalSection(SolutionProperties) = preSolution
		HideSolutionNode = FALSE
	EndGlobalSection
	GlobalSection(ExtensibilityGlobals) = postSolution
		SolutionGuid = {3D0EAB4E-793C-4788-B8C5-64F4A3A9BD6E}
	EndGlobalSection
EndGlobal
